
Microsoft Visual Studio Solution File, Format Version 12.00
# Visual Studio Version 17
VisualStudioVersion = 17.0.31903.59
MinimumVisualStudioVersion = 10.0.40219.1
Project("{FAE04EC0-301F-11D3-BF4B-00C04F79EFBC}") = "WSInstallerInterface", "WSInstallerInterface\WSInstallerInterface.csproj", "{EC7235C0-A352-4E5B-85D4-DA574522FE66}"
EndProject
Project("{FAE04EC0-301F-11D3-BF4B-00C04F79EFBC}") = "WSInstallerDomain", "WSInstallerDomain\WSInstallerDomain.csproj", "{5B734D39-1C63-45E2-9D53-59078D56129E}"
EndProject
Project("{FAE04EC0-301F-11D3-BF4B-00C04F79EFBC}") = "WSInstallerTests", "WSInstallerTests\WSInstallerTests.csproj", "{2DD04D8A-4A34-49C2-A690-857C74B2EC1D}"
EndProject
Global
	GlobalSection(SolutionConfigurationPlatforms) = preSolution
		Debug|Any CPU = Debug|Any CPU
		Release|Any CPU = Release|Any CPU
	EndGlobalSection
	GlobalSection(SolutionProperties) = preSolution
		HideSolutionNode = FALSE
	EndGlobalSection
	GlobalSection(ProjectConfigurationPlatforms) = postSolution
		{EC7235C0-A352-4E5B-85D4-DA574522FE66}.Debug|Any CPU.ActiveCfg = Debug|Any CPU
		{EC7235C0-A352-4E5B-85D4-DA574522FE66}.Debug|Any CPU.Build.0 = Debug|Any CPU
		{EC7235C0-A352-4E5B-85D4-DA574522FE66}.Release|Any CPU.ActiveCfg = Release|Any CPU
		{EC7235C0-A352-4E5B-85D4-DA574522FE66}.Release|Any CPU.Build.0 = Release|Any CPU
		{5B734D39-1C63-45E2-9D53-59078D56129E}.Debug|Any CPU.ActiveCfg = Debug|Any CPU
		{5B734D39-1C63-45E2-9D53-59078D56129E}.Debug|Any CPU.Build.0 = Debug|Any CPU
		{5B734D39-1C63-45E2-9D53-59078D56129E}.Release|Any CPU.ActiveCfg = Release|Any CPU
		{5B734D39-1C63-45E2-9D53-59078D56129E}.Release|Any CPU.Build.0 = Release|Any CPU
		{2DD04D8A-4A34-49C2-A690-857C74B2EC1D}.Debug|Any CPU.ActiveCfg = Debug|Any CPU
		{2DD04D8A-4A34-49C2-A690-857C74B2EC1D}.Debug|Any CPU.Build.0 = Debug|Any CPU
		{2DD04D8A-4A34-49C2-A690-857C74B2EC1D}.Release|Any CPU.ActiveCfg = Release|Any CPU
		{2DD04D8A-4A34-49C2-A690-857C74B2EC1D}.Release|Any CPU.Build.0 = Release|Any CPU
	EndGlobalSection
EndGlobal
